
Microsoft Visual Studio Solution File, Format Version 12.00
# Visual Studio 2013
VisualStudioVersion = 12.0.30501.0
MinimumVisualStudioVersion = 10.0.40219.1
Project("{FAE04EC0-301F-11D3-BF4B-00C04F79EFBC}") = "ScoutsHonour", "ScoutsHonour\ScoutsHonour.csproj", "{06BF843F-BF3F-42F1-8431-FDE9EE62256C}"
EndProject
Project("{2150E333-8FDC-42A3-9474-1A3956D46DE8}") = "PublishScripts", "PublishScripts", "{61F4C988-E517-46FA-BD1A-59263EB25614}"
	ProjectSection(SolutionItems) = preProject
		PublishScripts\AzureWebsitePublishModule.psm1 = PublishScripts\AzureWebsitePublishModule.psm1
		PublishScripts\Publish-WebApplicationWebsite.ps1 = PublishScripts\Publish-WebApplicationWebsite.ps1
	EndProjectSection
EndProject
Project("{2150E333-8FDC-42A3-9474-1A3956D46DE8}") = "Configurations", "Configurations", "{CA3E6E06-6EB0-4FE0-913D-765CDEE108D7}"
	ProjectSection(SolutionItems) = preProject
		PublishScripts\Configurations\ScoutsHonour-WAWS-dev.json = PublishScripts\Configurations\ScoutsHonour-WAWS-dev.json
	EndProjectSection
EndProject
Project("{2150E333-8FDC-42A3-9474-1A3956D46DE8}") = ".nuget", ".nuget", "{03F6084C-A9C8-4FCF-93CE-1AE4381578FA}"
	ProjectSection(SolutionItems) = preProject
		.nuget\NuGet.Config = .nuget\NuGet.Config
		.nuget\NuGet.exe = .nuget\NuGet.exe
	EndProjectSection
EndProject
Project("{FAE04EC0-301F-11D3-BF4B-00C04F79EFBC}") = "ScoutsHonour.Tests", "ScoutsHonour.Tests\ScoutsHonour.Tests.csproj", "{488DB16E-6C75-4C66-9B05-E963A39DA1A2}"
EndProject
Project("{2150E333-8FDC-42A3-9474-1A3956D46DE8}") = "Solution Items", "Solution Items", "{ED76E68C-C209-4036-A3F7-FB0B29354C5B}"
	ProjectSection(SolutionItems) = preProject
		readme.md = readme.md
	EndProjectSection
EndProject
Global
	GlobalSection(SolutionConfigurationPlatforms) = preSolution
		Debug|Any CPU = Debug|Any CPU
		Release|Any CPU = Release|Any CPU
	EndGlobalSection
	GlobalSection(ProjectConfigurationPlatforms) = postSolution
		{06BF843F-BF3F-42F1-8431-FDE9EE62256C}.Debug|Any CPU.ActiveCfg = Debug|Any CPU
		{06BF843F-BF3F-42F1-8431-FDE9EE62256C}.Debug|Any CPU.Build.0 = Debug|Any CPU
		{06BF843F-BF3F-42F1-8431-FDE9EE62256C}.Release|Any CPU.ActiveCfg = Release|Any CPU
		{06BF843F-BF3F-42F1-8431-FDE9EE62256C}.Release|Any CPU.Build.0 = Release|Any CPU
		{488DB16E-6C75-4C66-9B05-E963A39DA1A2}.Debug|Any CPU.ActiveCfg = Debug|Any CPU
		{488DB16E-6C75-4C66-9B05-E963A39DA1A2}.Debug|Any CPU.Build.0 = Debug|Any CPU
		{488DB16E-6C75-4C66-9B05-E963A39DA1A2}.Release|Any CPU.ActiveCfg = Release|Any CPU
		{488DB16E-6C75-4C66-9B05-E963A39DA1A2}.Release|Any CPU.Build.0 = Release|Any CPU
	EndGlobalSection
	GlobalSection(SolutionProperties) = preSolution
		HideSolutionNode = FALSE
	EndGlobalSection
	GlobalSection(NestedProjects) = preSolution
		{CA3E6E06-6EB0-4FE0-913D-765CDEE108D7} = {61F4C988-E517-46FA-BD1A-59263EB25614}
	EndGlobalSection
EndGlobal
